// !$*UTF8*$!
{
	archiveVersion = 1;
	classes = {
	};
	objectVersion = 46;
	objects = {

/* Begin PBXBuildFile section */
		9A421B861CDCDAC8009EFF86 /* WarterCollectionViewController.m in Sources */ = {isa = PBXBuildFile; fileRef = 9A421B851CDCDAC8009EFF86 /* WarterCollectionViewController.m */; };
		9A421B891CDCE811009EFF86 /* WaterCollectionViewCell.m in Sources */ = {isa = PBXBuildFile; fileRef = 9A421B881CDCE811009EFF86 /* WaterCollectionViewCell.m */; };
		9A93F43D1CDCD67000FD7252 /* main.m in Sources */ = {isa = PBXBuildFile; fileRef = 9A93F43C1CDCD67000FD7252 /* main.m */; };
		9A93F4401CDCD67000FD7252 /* AppDelegate.m in Sources */ = {isa = PBXBuildFile; fileRef = 9A93F43F1CDCD67000FD7252 /* AppDelegate.m */; };
		9A93F4461CDCD67000FD7252 /* Main.storyboard in Resources */ = {isa = PBXBuildFile; fileRef = 9A93F4441CDCD67000FD7252 /* Main.storyboard */; };
		9A93F4481CDCD67000FD7252 /* Assets.xcassets in Resources */ = {isa = PBXBuildFile; fileRef = 9A93F4471CDCD67000FD7252 /* Assets.xcassets */; };
		9A93F44B1CDCD67000FD7252 /* LaunchScreen.storyboard in Resources */ = {isa = PBXBuildFile; fileRef = 9A93F4491CDCD67000FD7252 /* LaunchScreen.storyboard */; };
		9A93F4561CDCD67000FD7252 /* WarterFallProjectTests.m in Sources */ = {isa = PBXBuildFile; fileRef = 9A93F4551CDCD67000FD7252 /* WarterFallProjectTests.m */; };
		9A93F4611CDCD67000FD7252 /* WarterFallProjectUITests.m in Sources */ = {isa = PBXBuildFile; fileRef = 9A93F4601CDCD67000FD7252 /* WarterFallProjectUITests.m */; };
		9A93F4701CDCD79100FD7252 /* RootViewController.m in Sources */ = {isa = PBXBuildFile; fileRef = 9A93F46F1CDCD79100FD7252 /* RootViewController.m */; };
/* End PBXBuildFile section */

/* Begin PBXContainerItemProxy section */
		9A93F4521CDCD67000FD7252 /* PBXContainerItemProxy */ = {
			isa = PBXContainerItemProxy;
			containerPortal = 9A93F4301CDCD67000FD7252 /* Project object */;
			proxyType = 1;
			remoteGlobalIDString = 9A93F4371CDCD67000FD7252;
			remoteInfo = WarterFallProject;
		};
		9A93F45D1CDCD67000FD7252 /* PBXContainerItemProxy */ = {
			isa = PBXContainerItemProxy;
			containerPortal = 9A93F4301CDCD67000FD7252 /* Project object */;
			proxyType = 1;
			remoteGlobalIDString = 9A93F4371CDCD67000FD7252;
			remoteInfo = WarterFallProject;
		};
/* End PBXContainerItemProxy section */

/* Begin PBXFileReference section */
		9A421B841CDCDAC8009EFF86 /* WarterCollectionViewController.h */ = {isa = PBXFileReference; fileEncoding = 4; lastKnownFileType = sourcecode.c.h; path = WarterCollectionViewController.h; sourceTree = "<group>"; };
		9A421B851CDCDAC8009EFF86 /* WarterCollectionViewController.m */ = {isa = PBXFileReference; fileEncoding = 4; lastKnownFileType = sourcecode.c.objc; path = WarterCollectionViewController.m; sourceTree = "<group>"; };
		9A421B871CDCE811009EFF86 /* WaterCollectionViewCell.h */ = {isa = PBXFileReference; fileEncoding = 4; lastKnownFileType = sourcecode.c.h; path = WaterCollectionViewCell.h; sourceTree = "<group>"; };
		9A421B881CDCE811009EFF86 /* WaterCollectionViewCell.m */ = {isa = PBXFileReference; fileEncoding = 4; lastKnownFileType = sourcecode.c.objc; path = WaterCollectionViewCell.m; sourceTree = "<group>"; };
		9A93F4381CDCD67000FD7252 /* WarterFallProject.app */ = {isa = PBXFileReference; explicitFileType = wrapper.application; includeInIndex = 0; path = WarterFallProject.app; sourceTree = BUILT_PRODUCTS_DIR; };
		9A93F43C1CDCD67000FD7252 /* main.m */ = {isa = PBXFileReference; lastKnownFileType = sourcecode.c.objc; path = main.m; sourceTree = "<group>"; };
		9A93F43E1CDCD67000FD7252 /* AppDelegate.h */ = {isa = PBXFileReference; lastKnownFileType = sourcecode.c.h; path = AppDelegate.h; sourceTree = "<group>"; };
		9A93F43F1CDCD67000FD7252 /* AppDelegate.m */ = {isa = PBXFileReference; lastKnownFileType = sourcecode.c.objc; path = AppDelegate.m; sourceTree = "<group>"; };
		9A93F4451CDCD67000FD7252 /* Base */ = {isa = PBXFileReference; lastKnownFileType = file.storyboard; name = Base; path = Base.lproj/Main.storyboard; sourceTree = "<group>"; };
		9A93F4471CDCD67000FD7252 /* Assets.xcassets */ = {isa = PBXFileReference; lastKnownFileType = folder.assetcatalog; path = Assets.xcassets; sourceTree = "<group>"; };
		9A93F44A1CDCD67000FD7252 /* Base */ = {isa = PBXFileReference; lastKnownFileType = file.storyboard; name = Base; path = Base.lproj/LaunchScreen.storyboard; sourceTree = "<group>"; };
		9A93F44C1CDCD67000FD7252 /* Info.plist */ = {isa = PBXFileReference; lastKnownFileType = text.plist.xml; path = Info.plist; sourceTree = "<group>"; };
		9A93F4511CDCD67000FD7252 /* WarterFallProjectTests.xctest */ = {isa = PBXFileReference; explicitFileType = wrapper.cfbundle; includeInIndex = 0; path = WarterFallProjectTests.xctest; sourceTree = BUILT_PRODUCTS_DIR; };
		9A93F4551CDCD67000FD7252 /* WarterFallProjectTests.m */ = {isa = PBXFileReference; lastKnownFileType = sourcecode.c.objc; path = WarterFallProjectTests.m; sourceTree = "<group>"; };
		9A93F4571CDCD67000FD7252 /* Info.plist */ = {isa = PBXFileReference; lastKnownFileType = text.plist.xml; path = Info.plist; sourceTree = "<group>"; };
		9A93F45C1CDCD67000FD7252 /* WarterFallProjectUITests.xctest */ = {isa = PBXFileReference; explicitFileType = wrapper.cfbundle; includeInIndex = 0; path = WarterFallProjectUITests.xctest; sourceTree = BUILT_PRODUCTS_DIR; };
		9A93F4601CDCD67000FD7252 /* WarterFallProjectUITests.m */ = {isa = PBXFileReference; lastKnownFileType = sourcecode.c.objc; path = WarterFallProjectUITests.m; sourceTree = "<group>"; };
		9A93F4621CDCD67000FD7252 /* Info.plist */ = {isa = PBXFileReference; lastKnownFileType = text.plist.xml; path = Info.plist; sourceTree = "<group>"; };
		9A93F46E1CDCD79100FD7252 /* RootViewController.h */ = {isa = PBXFileReference; fileEncoding = 4; lastKnownFileType = sourcecode.c.h; path = RootViewController.h; sourceTree = "<group>"; };
		9A93F46F1CDCD79100FD7252 /* RootViewController.m */ = {isa = PBXFileReference; fileEncoding = 4; lastKnownFileType = sourcecode.c.objc; path = RootViewController.m; sourceTree = "<group>"; };
/* End PBXFileReference section */

/* Begin PBXFrameworksBuildPhase section */
		9A93F4351CDCD67000FD7252 /* Frameworks */ = {
			isa = PBXFrameworksBuildPhase;
			buildActionMask = 2147483647;
			files = (
			);
			runOnlyForDeploymentPostprocessing = 0;
		};
		9A93F44E1CDCD67000FD7252 /* Frameworks */ = {
			isa = PBXFrameworksBuildPhase;
			buildActionMask = 2147483647;
			files = (
			);
			runOnlyForDeploymentPostprocessing = 0;
		};
		9A93F4591CDCD67000FD7252 /* Frameworks */ = {
			isa = PBXFrameworksBuildPhase;
			buildActionMask = 2147483647;
			files = (
			);
			runOnlyForDeploymentPostprocessing = 0;
		};
/* End PBXFrameworksBuildPhase section */

/* Begin PBXGroup section */
		9A93F42F1CDCD67000FD7252 = {
			isa = PBXGroup;
			children = (
				9A93F43A1CDCD67000FD7252 /* WarterFallProject */,
				9A93F4541CDCD67000FD7252 /* WarterFallProjectTests */,
				9A93F45F1CDCD67000FD7252 /* WarterFallProjectUITests */,
				9A93F4391CDCD67000FD7252 /* Products */,
			);
			sourceTree = "<group>";
		};
		9A93F4391CDCD67000FD7252 /* Products */ = {
			isa = PBXGroup;
			children = (
				9A93F4381CDCD67000FD7252 /* WarterFallProject.app */,
				9A93F4511CDCD67000FD7252 /* WarterFallProjectTests.xctest */,
				9A93F45C1CDCD67000FD7252 /* WarterFallProjectUITests.xctest */,
			);
			name = Products;
			sourceTree = "<group>";
		};
		9A93F43A1CDCD67000FD7252 /* WarterFallProject */ = {
			isa = PBXGroup;
			children = (
				9A93F43E1CDCD67000FD7252 /* AppDelegate.h */,
				9A93F43F1CDCD67000FD7252 /* AppDelegate.m */,
				9A93F46E1CDCD79100FD7252 /* RootViewController.h */,
				9A93F46F1CDCD79100FD7252 /* RootViewController.m */,
				9A421B871CDCE811009EFF86 /* WaterCollectionViewCell.h */,
				9A421B881CDCE811009EFF86 /* WaterCollectionViewCell.m */,
				9A421B841CDCDAC8009EFF86 /* WarterCollectionViewController.h */,
				9A421B851CDCDAC8009EFF86 /* WarterCollectionViewController.m */,
				9A93F4441CDCD67000FD7252 /* Main.storyboard */,
				9A93F4471CDCD67000FD7252 /* Assets.xcassets */,
				9A93F4491CDCD67000FD7252 /* LaunchScreen.storyboard */,
				9A93F44C1CDCD67000FD7252 /* Info.plist */,
				9A93F43B1CDCD67000FD7252 /* Supporting Files */,
			);
			path = WarterFallProject;
			sourceTree = "<group>";
		};
		9A93F43B1CDCD67000FD7252 /* Supporting Files */ = {
			isa = PBXGroup;
			children = (
				9A93F43C1CDCD67000FD7252 /* main.m */,
			);
			name = "Supporting Files";
			sourceTree = "<group>";
		};
		9A93F4541CDCD67000FD7252 /* WarterFallProjectTests */ = {
			isa = PBXGroup;
			children = (
				9A93F4551CDCD67000FD7252 /* WarterFallProjectTests.m */,
				9A93F4571CDCD67000FD7252 /* Info.plist */,
			);
			path = WarterFallProjectTests;
			sourceTree = "<group>";
		};
		9A93F45F1CDCD67000FD7252 /* WarterFallProjectUITests */ = {
			isa = PBXGroup;
			children = (
				9A93F4601CDCD67000FD7252 /* WarterFallProjectUITests.m */,
				9A93F4621CDCD67000FD7252 /* Info.plist */,
			);
			path = WarterFallProjectUITests;
			sourceTree = "<group>";
		};
/* End PBXGroup section */

/* Begin PBXNativeTarget section */
		9A93F4371CDCD67000FD7252 /* WarterFallProject */ = {
			isa = PBXNativeTarget;
			buildConfigurationList = 9A93F4651CDCD67000FD7252 /* Build configuration list for PBXNativeTarget "WarterFallProject" */;
			buildPhases = (
				9A93F4341CDCD67000FD7252 /* Sources */,
				9A93F4351CDCD67000FD7252 /* Frameworks */,
				9A93F4361CDCD67000FD7252 /* Resources */,
			);
			buildRules = (
			);
			dependencies = (
			);
			name = WarterFallProject;
			productName = WarterFallProject;
			productReference = 9A93F4381CDCD67000FD7252 /* WarterFallProject.app */;
			productType = "com.apple.product-type.application";
		};
		9A93F4501CDCD67000FD7252 /* WarterFallProjectTests */ = {
			isa = PBXNativeTarget;
			buildConfigurationList = 9A93F4681CDCD67000FD7252 /* Build configuration list for PBXNativeTarget "WarterFallProjectTests" */;
			buildPhases = (
				9A93F44D1CDCD67000FD7252 /* Sources */,
				9A93F44E1CDCD67000FD7252 /* Frameworks */,
				9A93F44F1CDCD67000FD7252 /* Resources */,
			);
			buildRules = (
			);
			dependencies = (
				9A93F4531CDCD67000FD7252 /* PBXTargetDependency */,
			);
			name = WarterFallProjectTests;
			productName = WarterFallProjectTests;
			productReference = 9A93F4511CDCD67000FD7252 /* WarterFallProjectTests.xctest */;
			productType = "com.apple.product-type.bundle.unit-test";
		};
		9A93F45B1CDCD67000FD7252 /* WarterFallProjectUITests */ = {
			isa = PBXNativeTarget;
			buildConfigurationList = 9A93F46B1CDCD67000FD7252 /* Build configuration list for PBXNativeTarget "WarterFallProjectUITests" */;
			buildPhases = (
				9A93F4581CDCD67000FD7252 /* Sources */,
				9A93F4591CDCD67000FD7252 /* Frameworks */,
				9A93F45A1CDCD67000FD7252 /* Resources */,
			);
			buildRules = (
			);
			dependencies = (
				9A93F45E1CDCD67000FD7252 /* PBXTargetDependency */,
			);
			name = WarterFallProjectUITests;
			productName = WarterFallProjectUITests;
			productReference = 9A93F45C1CDCD67000FD7252 /* WarterFallProjectUITests.xctest */;
			productType = "com.apple.product-type.bundle.ui-testing";
		};
/* End PBXNativeTarget section */

/* Begin PBXProject section */
		9A93F4301CDCD67000FD7252 /* Project object */ = {
			isa = PBXProject;
			attributes = {
				LastUpgradeCheck = 0730;
				ORGANIZATIONNAME = "许菠菠";
				TargetAttributes = {
					9A93F4371CDCD67000FD7252 = {
						CreatedOnToolsVersion = 7.3;
					};
					9A93F4501CDCD67000FD7252 = {
						CreatedOnToolsVersion = 7.3;
						TestTargetID = 9A93F4371CDCD67000FD7252;
					};
					9A93F45B1CDCD67000FD7252 = {
						CreatedOnToolsVersion = 7.3;
						TestTargetID = 9A93F4371CDCD67000FD7252;
					};
				};
			};
			buildConfigurationList = 9A93F4331CDCD67000FD7252 /* Build configuration list for PBXProject "WarterFallProject" */;
			compatibilityVersion = "Xcode 3.2";
			developmentRegion = English;
			hasScannedForEncodings = 0;
			knownRegions = (
				en,
				Base,
			);
			mainGroup = 9A93F42F1CDCD67000FD7252;
			productRefGroup = 9A93F4391CDCD67000FD7252 /* Products */;
			projectDirPath = "";
			projectRoot = "";
			targets = (
				9A93F4371CDCD67000FD7252 /* WarterFallProject */,
				9A93F4501CDCD67000FD7252 /* WarterFallProjectTests */,
				9A93F45B1CDCD67000FD7252 /* WarterFallProjectUITests */,
			);
		};
/* End PBXProject section */

/* Begin PBXResourcesBuildPhase section */
		9A93F4361CDCD67000FD7252 /* Resources */ = {
			isa = PBXResourcesBuildPhase;
			buildActionMask = 2147483647;
			files = (
				9A93F44B1CDCD67000FD7252 /* LaunchScreen.storyboard in Resources */,
				9A93F4481CDCD67000FD7252 /* Assets.xcassets in Resources */,
				9A93F4461CDCD67000FD7252 /* Main.storyboard in Resources */,
			);
			runOnlyForDeploymentPostprocessing = 0;
		};
		9A93F44F1CDCD67000FD7252 /* Resources */ = {
			isa = PBXResourcesBuildPhase;
			buildActionMask = 2147483647;
			files = (
			);
			runOnlyForDeploymentPostprocessing = 0;
		};
		9A93F45A1CDCD67000FD7252 /* Resources */ = {
			isa = PBXResourcesBuildPhase;
			buildActionMask = 2147483647;
			files = (
			);
			runOnlyForDeploymentPostprocessing = 0;
		};
/* End PBXResourcesBuildPhase section */

/* Begin PBXSourcesBuildPhase section */
		9A93F4341CDCD67000FD7252 /* Sources */ = {
			isa = PBXSourcesBuildPhase;
			buildActionMask = 2147483647;
			files = (
				9A93F4401CDCD67000FD7252 /* AppDelegate.m in Sources */,
				9A421B891CDCE811009EFF86 /* WaterCollectionViewCell.m in Sources */,
				9A93F43D1CDCD67000FD7252 /* main.m in Sources */,
				9A421B861CDCDAC8009EFF86 /* WarterCollectionViewController.m in Sources */,
				9A93F4701CDCD79100FD7252 /* RootViewController.m in Sources */,
			);
			runOnlyForDeploymentPostprocessing = 0;
		};
		9A93F44D1CDCD67000FD7252 /* Sources */ = {
			isa = PBXSourcesBuildPhase;
			buildActionMask = 2147483647;
			files = (
				9A93F4561CDCD67000FD7252 /* WarterFallProjectTests.m in Sources */,
			);
			runOnlyForDeploymentPostprocessing = 0;
		};
		9A93F4581CDCD67000FD7252 /* Sources */ = {
			isa = PBXSourcesBuildPhase;
			buildActionMask = 2147483647;
			files = (
				9A93F4611CDCD67000FD7252 /* WarterFallProjectUITests.m in Sources */,
			);
			runOnlyForDeploymentPostprocessing = 0;
		};
/* End PBXSourcesBuildPhase section */

/* Begin PBXTargetDependency section */
		9A93F4531CDCD67000FD7252 /* PBXTargetDependency */ = {
			isa = PBXTargetDependency;
			target = 9A93F4371CDCD67000FD7252 /* WarterFallProject */;
			targetProxy = 9A93F4521CDCD67000FD7252 /* PBXContainerItemProxy */;
		};
		9A93F45E1CDCD67000FD7252 /* PBXTargetDependency */ = {
			isa = PBXTargetDependency;
			target = 9A93F4371CDCD67000FD7252 /* WarterFallProject */;
			targetProxy = 9A93F45D1CDCD67000FD7252 /* PBXContainerItemProxy */;
		};
/* End PBXTargetDependency section */

/* Begin PBXVariantGroup section */
		9A93F4441CDCD67000FD7252 /* Main.storyboard */ = {
			isa = PBXVariantGroup;
			children = (
				9A93F4451CDCD67000FD7252 /* Base */,
			);
			name = Main.storyboard;
			sourceTree = "<group>";
		};
		9A93F4491CDCD67000FD7252 /* LaunchScreen.storyboard */ = {
			isa = PBXVariantGroup;
			children = (
				9A93F44A1CDCD67000FD7252 /* Base */,
			);
			name = LaunchScreen.storyboard;
			sourceTree = "<group>";
		};
/* End PBXVariantGroup section */

/* Begin XCBuildConfiguration section */
		9A93F4631CDCD67000FD7252 /* Debug */ = {
			isa = XCBuildConfiguration;
			buildSettings = {
				ALWAYS_SEARCH_USER_PATHS = NO;
				CLANG_ANALYZER_NONNULL = YES;
				CLANG_CXX_LANGUAGE_STANDARD = "gnu++0x";
				CLANG_CXX_LIBRARY = "libc++";
				CLANG_ENABLE_MODULES = YES;
				CLANG_ENABLE_OBJC_ARC = YES;
				CLANG_WARN_BOOL_CONVERSION = YES;
				CLANG_WARN_CONSTANT_CONVERSION = YES;
				CLANG_WARN_DIRECT_OBJC_ISA_USAGE = YES_ERROR;
				CLANG_WARN_EMPTY_BODY = YES;
				CLANG_WARN_ENUM_CONVERSION = YES;
				CLANG_WARN_INT_CONVERSION = YES;
				CLANG_WARN_OBJC_ROOT_CLASS = YES_ERROR;
				CLANG_WARN_UNREACHABLE_CODE = YES;
				CLANG_WARN__DUPLICATE_METHOD_MATCH = YES;
				"CODE_SIGN_IDENTITY[sdk=iphoneos*]" = "iPhone Developer";
				COPY_PHASE_STRIP = NO;
				DEBUG_INFORMATION_FORMAT = dwarf;
				ENABLE_STRICT_OBJC_MSGSEND = YES;
				ENABLE_TESTABILITY = YES;
				GCC_C_LANGUAGE_STANDARD = gnu99;
				GCC_DYNAMIC_NO_PIC = NO;
				GCC_NO_COMMON_BLOCKS = YES;
				GCC_OPTIMIZATION_LEVEL = 0;
				GCC_PREPROCESSOR_DEFINITIONS = (
					"DEBUG=1",
					"$(inherited)",
				);
				GCC_WARN_64_TO_32_BIT_CONVERSION = YES;
				GCC_WARN_ABOUT_RETURN_TYPE = YES_ERROR;
				GCC_WARN_UNDECLARED_SELECTOR = YES;
				GCC_WARN_UNINITIALIZED_AUTOS = YES_AGGRESSIVE;
				GCC_WARN_UNUSED_FUNCTION = YES;
				GCC_WARN_UNUSED_VARIABLE = YES;
				IPHONEOS_DEPLOYMENT_TARGET = 9.3;
				MTL_ENABLE_DEBUG_INFO = YES;
				ONLY_ACTIVE_ARCH = YES;
				SDKROOT = iphoneos;
				TARGETED_DEVICE_FAMILY = "1,2";
			};
			name = Debug;
		};
		9A93F4641CDCD67000FD7252 /* Release */ = {
			isa = XCBuildConfiguration;
			buildSettings = {
				ALWAYS_SEARCH_USER_PATHS = NO;
				CLANG_ANALYZER_NONNULL = YES;
				CLANG_CXX_LANGUAGE_STANDARD = "gnu++0x";
				CLANG_CXX_LIBRARY = "libc++";
				CLANG_ENABLE_MODULES = YES;
				CLANG_ENABLE_OBJC_ARC = YES;
				CLANG_WARN_BOOL_CONVERSION = YES;
				CLANG_WARN_CONSTANT_CONVERSION = YES;
				CLANG_WARN_DIRECT_OBJC_ISA_USAGE = YES_ERROR;
				CLANG_WARN_EMPTY_BODY = YES;
				CLANG_WARN_ENUM_CONVERSION = YES;
				CLANG_WARN_INT_CONVERSION = YES;
				CLANG_WARN_OBJC_ROOT_CLASS = YES_ERROR;
				CLANG_WARN_UNREACHABLE_CODE = YES;
				CLANG_WARN__DUPLICATE_METHOD_MATCH = YES;
				"CODE_SIGN_IDENTITY[sdk=iphoneos*]" = "iPhone Developer";
				COPY_PHASE_STRIP = NO;
				DEBUG_INFORMATION_FORMAT = "dwarf-with-dsym";
				ENABLE_NS_ASSERTIONS = NO;
				ENABLE_STRICT_OBJC_MSGSEND = YES;
				GCC_C_LANGUAGE_STANDARD = gnu99;
				GCC_NO_COMMON_BLOCKS = YES;
				GCC_WARN_64_TO_32_BIT_CONVERSION = YES;
				GCC_WARN_ABOUT_RETURN_TYPE = YES_ERROR;
				GCC_WARN_UNDECLARED_SELECTOR = YES;
				GCC_WARN_UNINITIALIZED_AUTOS = YES_AGGRESSIVE;
				GCC_WARN_UNUSED_FUNCTION = YES;
				GCC_WARN_UNUSED_VARIABLE = YES;
				IPHONEOS_DEPLOYMENT_TARGET = 9.3;
				MTL_ENABLE_DEBUG_INFO = NO;
				SDKROOT = iphoneos;
				TARGETED_DEVICE_FAMILY = "1,2";
				VALIDATE_PRODUCT = YES;
			};
			name = Release;
		};
		9A93F4661CDCD67000FD7252 /* Debug */ = {
			isa = XCBuildConfiguration;
			buildSettings = {
				ASSETCATALOG_COMPILER_APPICON_NAME = AppIcon;
				INFOPLIST_FILE = WarterFallProject/Info.plist;
				LD_RUNPATH_SEARCH_PATHS = "$(inherited) @executable_path/Frameworks";
				PRODUCT_BUNDLE_IDENTIFIER = xvbobo.WarterFallProject;
				PRODUCT_NAME = "$(TARGET_NAME)";
			};
			name = Debug;
		};
		9A93F4671CDCD67000FD7252 /* Release */ = {
			isa = XCBuildConfiguration;
			buildSettings = {
				ASSETCATALOG_COMPILER_APPICON_NAME = AppIcon;
				INFOPLIST_FILE = WarterFallProject/Info.plist;
				LD_RUNPATH_SEARCH_PATHS = "$(inherited) @executable_path/Frameworks";
				PRODUCT_BUNDLE_IDENTIFIER = xvbobo.WarterFallProject;
				PRODUCT_NAME = "$(TARGET_NAME)";
			};
			name = Release;
		};
		9A93F4691CDCD67000FD7252 /* Debug */ = {
			isa = XCBuildConfiguration;
			buildSettings = {
				BUNDLE_LOADER = "$(TEST_HOST)";
				INFOPLIST_FILE = WarterFallProjectTests/Info.plist;
				LD_RUNPATH_SEARCH_PATHS = "$(inherited) @executable_path/Frameworks @loader_path/Frameworks";
				PRODUCT_BUNDLE_IDENTIFIER = xvbobo.WarterFallProjectTests;
				PRODUCT_NAME = "$(TARGET_NAME)";
				TEST_HOST = "$(BUILT_PRODUCTS_DIR)/WarterFallProject.app/WarterFallProject";
			};
			name = Debug;
		};
		9A93F46A1CDCD67000FD7252 /* Release */ = {
			isa = XCBuildConfiguration;
			buildSettings = {
				BUNDLE_LOADER = "$(TEST_HOST)";
				INFOPLIST_FILE = WarterFallProjectTests/Info.plist;
				LD_RUNPATH_SEARCH_PATHS = "$(inherited) @executable_path/Frameworks @loader_path/Frameworks";
				PRODUCT_BUNDLE_IDENTIFIER = xvbobo.WarterFallProjectTests;
				PRODUCT_NAME = "$(TARGET_NAME)";
				TEST_HOST = "$(BUILT_PRODUCTS_DIR)/WarterFallProject.app/WarterFallProject";
			};
			name = Release;
		};
		9A93F46C1CDCD67000FD7252 /* Debug */ = {
			isa = XCBuildConfiguration;
			buildSettings = {
				INFOPLIST_FILE = WarterFallProjectUITests/Info.plist;
				LD_RUNPATH_SEARCH_PATHS = "$(inherited) @executable_path/Frameworks @loader_path/Frameworks";
				PRODUCT_BUNDLE_IDENTIFIER = xvbobo.WarterFallProjectUITests;
				PRODUCT_NAME = "$(TARGET_NAME)";
				TEST_TARGET_NAME = WarterFallProject;
			};
			name = Debug;
		};
		9A93F46D1CDCD67000FD7252 /* Release */ = {
			isa = XCBuildConfiguration;
			buildSettings = {
				INFOPLIST_FILE = WarterFallProjectUITests/Info.plist;
				LD_RUNPATH_SEARCH_PATHS = "$(inherited) @executable_path/Frameworks @loader_path/Frameworks";
				PRODUCT_BUNDLE_IDENTIFIER = xvbobo.WarterFallProjectUITests;
				PRODUCT_NAME = "$(TARGET_NAME)";
				TEST_TARGET_NAME = WarterFallProject;
			};
			name = Release;
		};
/* End XCBuildConfiguration section */

/* Begin XCConfigurationList section */
		9A93F4331CDCD67000FD7252 /* Build configuration list for PBXProject "WarterFallProject" */ = {
			isa = XCConfigurationList;
			buildConfigurations = (
				9A93F4631CDCD67000FD7252 /* Debug */,
				9A93F4641CDCD67000FD7252 /* Release */,
			);
			defaultConfigurationIsVisible = 0;
			defaultConfigurationName = Release;
		};
		9A93F4651CDCD67000FD7252 /* Build configuration list for PBXNativeTarget "WarterFallProject" */ = {
			isa = XCConfigurationList;
			buildConfigurations = (
				9A93F4661CDCD67000FD7252 /* Debug */,
				9A93F4671CDCD67000FD7252 /* Release */,
			);
			defaultConfigurationIsVisible = 0;
			defaultConfigurationName = Release;
		};
		9A93F4681CDCD67000FD7252 /* Build configuration list for PBXNativeTarget "WarterFallProjectTests" */ = {
			isa = XCConfigurationList;
			buildConfigurations = (
				9A93F4691CDCD67000FD7252 /* Debug */,
				9A93F46A1CDCD67000FD7252 /* Release */,
			);
			defaultConfigurationIsVisible = 0;
			defaultConfigurationName = Release;
		};
		9A93F46B1CDCD67000FD7252 /* Build configuration list for PBXNativeTarget "WarterFallProjectUITests" */ = {
			isa = XCConfigurationList;
			buildConfigurations = (
				9A93F46C1CDCD67000FD7252 /* Debug */,
				9A93F46D1CDCD67000FD7252 /* Release */,
			);
			defaultConfigurationIsVisible = 0;
			defaultConfigurationName = Release;
		};
/* End XCConfigurationList section */
	};
	rootObject = 9A93F4301CDCD67000FD7252 /* Project object */;
}
